
Microsoft Visual Studio Solution File, Format Version 12.00
# Visual Studio Version 16
VisualStudioVersion = 16.0.29709.97
MinimumVisualStudioVersion = 10.0.40219.1
Project("{FAE04EC0-301F-11D3-BF4B-00C04F79EFBC}") = "MeteringSimulator", "MeteringSimulator\MeteringSimulator.csproj", "{134D87AD-F428-469F-A98E-5F007EDD241B}"
EndProject
Global
	GlobalSection(SolutionConfigurationPlatforms) = preSolution
		Debug|Any CPU = Debug|Any CPU
		Release|Any CPU = Release|Any CPU
	EndGlobalSection
	GlobalSection(ProjectConfigurationPlatforms) = postSolution
		{134D87AD-F428-469F-A98E-5F007EDD241B}.Debug|Any CPU.ActiveCfg = Debug|Any CPU
		{134D87AD-F428-469F-A98E-5F007EDD241B}.Debug|Any CPU.Build.0 = Debug|Any CPU
		{134D87AD-F428-469F-A98E-5F007EDD241B}.Release|Any CPU.ActiveCfg = Release|Any CPU
		{134D87AD-F428-469F-A98E-5F007EDD241B}.Release|Any CPU.Build.0 = Release|Any CPU
	EndGlobalSection
	GlobalSection(SolutionProperties) = preSolution
		HideSolutionNode = FALSE
	EndGlobalSection
	GlobalSection(ExtensibilityGlobals) = postSolution
		SolutionGuid = {6C6B0C5B-CFA2-4787-B688-2197DE4C757E}
	EndGlobalSection
EndGlobal
